
Microsoft Visual Studio Solution File, Format Version 12.00
# Visual Studio Version 16
VisualStudioVersion = 16.0.30225.117
MinimumVisualStudioVersion = 10.0.40219.1
Project("{9A19103F-16F7-4668-BE54-9A1E7A4F7556}") = "LearnerDataMismatches", "LearnerDataMismatches\LearnerDataMismatches.csproj", "{1C7AA763-7D7F-4A3B-AEB8-49651106707B}"
EndProject
Global
	GlobalSection(SolutionConfigurationPlatforms) = preSolution
		Debug|Any CPU = Debug|Any CPU
		Release|Any CPU = Release|Any CPU
	EndGlobalSection
	GlobalSection(ProjectConfigurationPlatforms) = postSolution
		{1C7AA763-7D7F-4A3B-AEB8-49651106707B}.Debug|Any CPU.ActiveCfg = Debug|Any CPU
		{1C7AA763-7D7F-4A3B-AEB8-49651106707B}.Debug|Any CPU.Build.0 = Debug|Any CPU
		{1C7AA763-7D7F-4A3B-AEB8-49651106707B}.Release|Any CPU.ActiveCfg = Release|Any CPU
		{1C7AA763-7D7F-4A3B-AEB8-49651106707B}.Release|Any CPU.Build.0 = Release|Any CPU
	EndGlobalSection
	GlobalSection(SolutionProperties) = preSolution
		HideSolutionNode = FALSE
	EndGlobalSection
	GlobalSection(ExtensibilityGlobals) = postSolution
		SolutionGuid = {BA4E35E5-160C-4D17-94A9-C2AE07DBFEA9}
	EndGlobalSection
EndGlobal
