
Microsoft Visual Studio Solution File, Format Version 12.00
# Visual Studio Version 17
VisualStudioVersion = 17.2.32616.157
MinimumVisualStudioVersion = 10.0.40219.1
Project("{9A19103F-16F7-4668-BE54-9A1E7A4F7556}") = "SFA.DAS.IdentifyDataLocks.Web", "SFA.DAS.IdentifyDataLocks.Web\SFA.DAS.IdentifyDataLocks.Web.csproj", "{1C7AA763-7D7F-4A3B-AEB8-49651106707B}"
EndProject
Project("{9A19103F-16F7-4668-BE54-9A1E7A4F7556}") = "SFA.DAS.IdentifyDataLocks.Data", "SFA.DAS.IdentifyDataLocks.Data\SFA.DAS.IdentifyDataLocks.Data.csproj", "{23551CD8-7554-4F2C-9B42-A67B9E0C261D}"
EndProject
Project("{9A19103F-16F7-4668-BE54-9A1E7A4F7556}") = "SFA.DAS.IdentifyDataLocks.Domain", "SFA.DAS.IdentifyDataLocks.Domain\SFA.DAS.IdentifyDataLocks.Domain.csproj", "{D3E4B139-490F-48A9-94C4-CA1CCF6F16FA}"
EndProject
Project("{9A19103F-16F7-4668-BE54-9A1E7A4F7556}") = "SFA.DAS.IdentifyDataLocks.UnitTests", "SFA.DAS.IdentifyDataLocks.UnitTests\SFA.DAS.IdentifyDataLocks.UnitTests.csproj", "{B184E8B2-8763-4675-9ED7-1DBF936577A8}"
EndProject
Project("{2150E333-8FDC-42A3-9474-1A3956D46DE8}") = "Application", "Application", "{956F7D52-3E32-4BAF-A5C4-9A08FF2806FC}"
EndProject
Project("{2150E333-8FDC-42A3-9474-1A3956D46DE8}") = "Tests", "Tests", "{9D17E3C6-6BDD-4F15-B5F5-64A71B466299}"
EndProject
Project("{9A19103F-16F7-4668-BE54-9A1E7A4F7556}") = "SFA.DAS.IdentifyDataLocks.IntegrationTests", "SFA.DAS.IdentifyDataLocks.IntegrationTests\SFA.DAS.IdentifyDataLocks.IntegrationTests.csproj", "{C2891FD5-6210-4F6D-A719-2B3F8CF518E9}"
EndProject
Global
	GlobalSection(SolutionConfigurationPlatforms) = preSolution
		Debug|Any CPU = Debug|Any CPU
		Release|Any CPU = Release|Any CPU
	EndGlobalSection
	GlobalSection(ProjectConfigurationPlatforms) = postSolution
		{1C7AA763-7D7F-4A3B-AEB8-49651106707B}.Debug|Any CPU.ActiveCfg = Debug|Any CPU
		{1C7AA763-7D7F-4A3B-AEB8-49651106707B}.Debug|Any CPU.Build.0 = Debug|Any CPU
		{1C7AA763-7D7F-4A3B-AEB8-49651106707B}.Release|Any CPU.ActiveCfg = Release|Any CPU
		{1C7AA763-7D7F-4A3B-AEB8-49651106707B}.Release|Any CPU.Build.0 = Release|Any CPU
		{23551CD8-7554-4F2C-9B42-A67B9E0C261D}.Debug|Any CPU.ActiveCfg = Debug|Any CPU
		{23551CD8-7554-4F2C-9B42-A67B9E0C261D}.Debug|Any CPU.Build.0 = Debug|Any CPU
		{23551CD8-7554-4F2C-9B42-A67B9E0C261D}.Release|Any CPU.ActiveCfg = Release|Any CPU
		{23551CD8-7554-4F2C-9B42-A67B9E0C261D}.Release|Any CPU.Build.0 = Release|Any CPU
		{D3E4B139-490F-48A9-94C4-CA1CCF6F16FA}.Debug|Any CPU.ActiveCfg = Debug|Any CPU
		{D3E4B139-490F-48A9-94C4-CA1CCF6F16FA}.Debug|Any CPU.Build.0 = Debug|Any CPU
		{D3E4B139-490F-48A9-94C4-CA1CCF6F16FA}.Release|Any CPU.ActiveCfg = Release|Any CPU
		{D3E4B139-490F-48A9-94C4-CA1CCF6F16FA}.Release|Any CPU.Build.0 = Release|Any CPU
		{B184E8B2-8763-4675-9ED7-1DBF936577A8}.Debug|Any CPU.ActiveCfg = Debug|Any CPU
		{B184E8B2-8763-4675-9ED7-1DBF936577A8}.Debug|Any CPU.Build.0 = Debug|Any CPU
		{B184E8B2-8763-4675-9ED7-1DBF936577A8}.Release|Any CPU.ActiveCfg = Release|Any CPU
		{B184E8B2-8763-4675-9ED7-1DBF936577A8}.Release|Any CPU.Build.0 = Release|Any CPU
		{C2891FD5-6210-4F6D-A719-2B3F8CF518E9}.Debug|Any CPU.ActiveCfg = Debug|Any CPU
		{C2891FD5-6210-4F6D-A719-2B3F8CF518E9}.Debug|Any CPU.Build.0 = Debug|Any CPU
		{C2891FD5-6210-4F6D-A719-2B3F8CF518E9}.Release|Any CPU.ActiveCfg = Release|Any CPU
		{C2891FD5-6210-4F6D-A719-2B3F8CF518E9}.Release|Any CPU.Build.0 = Release|Any CPU
	EndGlobalSection
	GlobalSection(SolutionProperties) = preSolution
		HideSolutionNode = FALSE
	EndGlobalSection
	GlobalSection(NestedProjects) = preSolution
		{1C7AA763-7D7F-4A3B-AEB8-49651106707B} = {956F7D52-3E32-4BAF-A5C4-9A08FF2806FC}
		{23551CD8-7554-4F2C-9B42-A67B9E0C261D} = {956F7D52-3E32-4BAF-A5C4-9A08FF2806FC}
		{D3E4B139-490F-48A9-94C4-CA1CCF6F16FA} = {956F7D52-3E32-4BAF-A5C4-9A08FF2806FC}
		{B184E8B2-8763-4675-9ED7-1DBF936577A8} = {9D17E3C6-6BDD-4F15-B5F5-64A71B466299}
		{C2891FD5-6210-4F6D-A719-2B3F8CF518E9} = {9D17E3C6-6BDD-4F15-B5F5-64A71B466299}
	EndGlobalSection
	GlobalSection(ExtensibilityGlobals) = postSolution
		SolutionGuid = {BA4E35E5-160C-4D17-94A9-C2AE07DBFEA9}
	EndGlobalSection
EndGlobal
